
Microsoft Visual Studio Solution File, Format Version 12.00
# Visual Studio 15
VisualStudioVersion = 15.0.26124.0
MinimumVisualStudioVersion = 15.0.26124.0
Project("{FAE04EC0-301F-11D3-BF4B-00C04F79EFBC}") = "GameTOP", "GameTOP\GameTOP.csproj", "{30262A4F-66B4-4F3A-B094-8CAB6DC23583}"
EndProject
Project("{FAE04EC0-301F-11D3-BF4B-00C04F79EFBC}") = "GameTOP.Lib", "GameTOP.Lib\GameTOP.Lib.csproj", "{0E7C46C7-6742-4C07-A5AD-FB0A7AEB69D1}"
EndProject
Project("{FAE04EC0-301F-11D3-BF4B-00C04F79EFBC}") = "GameTOP.Interface", "GameTOP.Interface\GameTOP.Interface.csproj", "{7666FBDE-BE04-40B6-85C4-CE3017D76193}"
EndProject
Global
	GlobalSection(SolutionConfigurationPlatforms) = preSolution
		Debug|Any CPU = Debug|Any CPU
		Debug|x64 = Debug|x64
		Debug|x86 = Debug|x86
		Release|Any CPU = Release|Any CPU
		Release|x64 = Release|x64
		Release|x86 = Release|x86
	EndGlobalSection
	GlobalSection(SolutionProperties) = preSolution
		HideSolutionNode = FALSE
	EndGlobalSection
	GlobalSection(ProjectConfigurationPlatforms) = postSolution
		{30262A4F-66B4-4F3A-B094-8CAB6DC23583}.Debug|Any CPU.ActiveCfg = Debug|Any CPU
		{30262A4F-66B4-4F3A-B094-8CAB6DC23583}.Debug|Any CPU.Build.0 = Debug|Any CPU
		{30262A4F-66B4-4F3A-B094-8CAB6DC23583}.Debug|x64.ActiveCfg = Debug|Any CPU
		{30262A4F-66B4-4F3A-B094-8CAB6DC23583}.Debug|x64.Build.0 = Debug|Any CPU
		{30262A4F-66B4-4F3A-B094-8CAB6DC23583}.Debug|x86.ActiveCfg = Debug|Any CPU
		{30262A4F-66B4-4F3A-B094-8CAB6DC23583}.Debug|x86.Build.0 = Debug|Any CPU
		{30262A4F-66B4-4F3A-B094-8CAB6DC23583}.Release|Any CPU.ActiveCfg = Release|Any CPU
		{30262A4F-66B4-4F3A-B094-8CAB6DC23583}.Release|Any CPU.Build.0 = Release|Any CPU
		{30262A4F-66B4-4F3A-B094-8CAB6DC23583}.Release|x64.ActiveCfg = Release|Any CPU
		{30262A4F-66B4-4F3A-B094-8CAB6DC23583}.Release|x64.Build.0 = Release|Any CPU
		{30262A4F-66B4-4F3A-B094-8CAB6DC23583}.Release|x86.ActiveCfg = Release|Any CPU
		{30262A4F-66B4-4F3A-B094-8CAB6DC23583}.Release|x86.Build.0 = Release|Any CPU
		{0E7C46C7-6742-4C07-A5AD-FB0A7AEB69D1}.Debug|Any CPU.ActiveCfg = Debug|Any CPU
		{0E7C46C7-6742-4C07-A5AD-FB0A7AEB69D1}.Debug|Any CPU.Build.0 = Debug|Any CPU
		{0E7C46C7-6742-4C07-A5AD-FB0A7AEB69D1}.Debug|x64.ActiveCfg = Debug|Any CPU
		{0E7C46C7-6742-4C07-A5AD-FB0A7AEB69D1}.Debug|x64.Build.0 = Debug|Any CPU
		{0E7C46C7-6742-4C07-A5AD-FB0A7AEB69D1}.Debug|x86.ActiveCfg = Debug|Any CPU
		{0E7C46C7-6742-4C07-A5AD-FB0A7AEB69D1}.Debug|x86.Build.0 = Debug|Any CPU
		{0E7C46C7-6742-4C07-A5AD-FB0A7AEB69D1}.Release|Any CPU.ActiveCfg = Release|Any CPU
		{0E7C46C7-6742-4C07-A5AD-FB0A7AEB69D1}.Release|Any CPU.Build.0 = Release|Any CPU
		{0E7C46C7-6742-4C07-A5AD-FB0A7AEB69D1}.Release|x64.ActiveCfg = Release|Any CPU
		{0E7C46C7-6742-4C07-A5AD-FB0A7AEB69D1}.Release|x64.Build.0 = Release|Any CPU
		{0E7C46C7-6742-4C07-A5AD-FB0A7AEB69D1}.Release|x86.ActiveCfg = Release|Any CPU
		{0E7C46C7-6742-4C07-A5AD-FB0A7AEB69D1}.Release|x86.Build.0 = Release|Any CPU
		{7666FBDE-BE04-40B6-85C4-CE3017D76193}.Debug|Any CPU.ActiveCfg = Debug|Any CPU
		{7666FBDE-BE04-40B6-85C4-CE3017D76193}.Debug|Any CPU.Build.0 = Debug|Any CPU
		{7666FBDE-BE04-40B6-85C4-CE3017D76193}.Debug|x64.ActiveCfg = Debug|Any CPU
		{7666FBDE-BE04-40B6-85C4-CE3017D76193}.Debug|x64.Build.0 = Debug|Any CPU
		{7666FBDE-BE04-40B6-85C4-CE3017D76193}.Debug|x86.ActiveCfg = Debug|Any CPU
		{7666FBDE-BE04-40B6-85C4-CE3017D76193}.Debug|x86.Build.0 = Debug|Any CPU
		{7666FBDE-BE04-40B6-85C4-CE3017D76193}.Release|Any CPU.ActiveCfg = Release|Any CPU
		{7666FBDE-BE04-40B6-85C4-CE3017D76193}.Release|Any CPU.Build.0 = Release|Any CPU
		{7666FBDE-BE04-40B6-85C4-CE3017D76193}.Release|x64.ActiveCfg = Release|Any CPU
		{7666FBDE-BE04-40B6-85C4-CE3017D76193}.Release|x64.Build.0 = Release|Any CPU
		{7666FBDE-BE04-40B6-85C4-CE3017D76193}.Release|x86.ActiveCfg = Release|Any CPU
		{7666FBDE-BE04-40B6-85C4-CE3017D76193}.Release|x86.Build.0 = Release|Any CPU
	EndGlobalSection
EndGlobal
